
Microsoft Visual Studio Solution File, Format Version 12.00
# Visual Studio 2013
VisualStudioVersion = 12.0.21005.1
MinimumVisualStudioVersion = 10.0.40219.1
Project("{FAE04EC0-301F-11D3-BF4B-00C04F79EFBC}") = "SimpleCharacterCreator", "SimpleCharacterCreator\SimpleCharacterCreator.csproj", "{05A5D363-8F02-4D28-918E-3E742582EB1A}"
EndProject
Project("{FAE04EC0-301F-11D3-BF4B-00C04F79EFBC}") = "OpenGameContent Class Library", "..\..\..\GitHub\Pathfinder\OpenGameContent Class Library\OpenGameContent Class Library.csproj", "{AA492A17-9783-4C36-9CE1-FBE6C15C8E02}"
EndProject
Global
	GlobalSection(SolutionConfigurationPlatforms) = preSolution
		Debug|Any CPU = Debug|Any CPU
		Release|Any CPU = Release|Any CPU
	EndGlobalSection
	GlobalSection(ProjectConfigurationPlatforms) = postSolution
		{05A5D363-8F02-4D28-918E-3E742582EB1A}.Debug|Any CPU.ActiveCfg = Debug|Any CPU
		{05A5D363-8F02-4D28-918E-3E742582EB1A}.Debug|Any CPU.Build.0 = Debug|Any CPU
		{05A5D363-8F02-4D28-918E-3E742582EB1A}.Release|Any CPU.ActiveCfg = Release|Any CPU
		{05A5D363-8F02-4D28-918E-3E742582EB1A}.Release|Any CPU.Build.0 = Release|Any CPU
		{AA492A17-9783-4C36-9CE1-FBE6C15C8E02}.Debug|Any CPU.ActiveCfg = Debug|Any CPU
		{AA492A17-9783-4C36-9CE1-FBE6C15C8E02}.Debug|Any CPU.Build.0 = Debug|Any CPU
		{AA492A17-9783-4C36-9CE1-FBE6C15C8E02}.Release|Any CPU.ActiveCfg = Release|Any CPU
		{AA492A17-9783-4C36-9CE1-FBE6C15C8E02}.Release|Any CPU.Build.0 = Release|Any CPU
	EndGlobalSection
	GlobalSection(SolutionProperties) = preSolution
		HideSolutionNode = FALSE
	EndGlobalSection
EndGlobal
