
Microsoft Visual Studio Solution File, Format Version 12.00
# Visual Studio 2013
VisualStudioVersion = 12.0.21005.1
MinimumVisualStudioVersion = 10.0.40219.1
Project("{FAE04EC0-301F-11D3-BF4B-00C04F79EFBC}") = "InventoryManager", "InventoryManager\InventoryManager.csproj", "{F2E61A6A-6BB6-4A71-BA24-4E296C4D512D}"
EndProject
Project("{2150E333-8FDC-42A3-9474-1A3956D46DE8}") = "Solution Items", "Solution Items", "{C56906D6-49DC-47AC-83A4-C97F19B5702D}"
EndProject
Project("{FAE04EC0-301F-11D3-BF4B-00C04F79EFBC}") = "OpenGameContent Class Library", "OpenGameContent Class Library\OpenGameContent Class Library.csproj", "{AA492A17-9783-4C36-9CE1-FBE6C15C8E02}"
EndProject
Global
	GlobalSection(SolutionConfigurationPlatforms) = preSolution
		Debug|Any CPU = Debug|Any CPU
		Release|Any CPU = Release|Any CPU
	EndGlobalSection
	GlobalSection(ProjectConfigurationPlatforms) = postSolution
		{F2E61A6A-6BB6-4A71-BA24-4E296C4D512D}.Debug|Any CPU.ActiveCfg = Debug|Any CPU
		{F2E61A6A-6BB6-4A71-BA24-4E296C4D512D}.Debug|Any CPU.Build.0 = Debug|Any CPU
		{F2E61A6A-6BB6-4A71-BA24-4E296C4D512D}.Release|Any CPU.ActiveCfg = Release|Any CPU
		{F2E61A6A-6BB6-4A71-BA24-4E296C4D512D}.Release|Any CPU.Build.0 = Release|Any CPU
		{AA492A17-9783-4C36-9CE1-FBE6C15C8E02}.Debug|Any CPU.ActiveCfg = Debug|Any CPU
		{AA492A17-9783-4C36-9CE1-FBE6C15C8E02}.Debug|Any CPU.Build.0 = Debug|Any CPU
		{AA492A17-9783-4C36-9CE1-FBE6C15C8E02}.Release|Any CPU.ActiveCfg = Release|Any CPU
		{AA492A17-9783-4C36-9CE1-FBE6C15C8E02}.Release|Any CPU.Build.0 = Release|Any CPU
	EndGlobalSection
	GlobalSection(SolutionProperties) = preSolution
		HideSolutionNode = FALSE
	EndGlobalSection
EndGlobal
